dependencies:
- name: api
  repository: ""
  version: 0.1.0
- name: web
  repository: ""
  version: 0.1.0
- name: pgo
  repository: oci://registry.developers.crunchydata.com/crunchydata
  version: 5.8.0
- name: valkey
  repository: oci://registry-1.docker.io/bitnamicharts
  version: 3.0.4
- name: kafka
  repository: oci://registry-1.docker.io/bitnamicharts
  version: 32.2.3
- name: vault
  repository: oci://registry-1.docker.io/bitnamicharts
  version: 1.7.9
digest: sha256:fad483bcf9c974a1412815e94b027e00e3bd64b010256ff3999eb56c0b1f2731
generated: "2025-05-10T12:12:58.912526477-07:00"
