dependencies:
- name: api
  repository: ""
  version: 0.1.0
- name: web
  repository: ""
  version: 0.1.0
- name: valkey
  repository: oci://registry-1.docker.io/bitnamicharts
  version: 3.0.4
digest: sha256:23e4c0708a52b84b99f2aef475803fe849bf9381ee86495f7c0dba2f5fbff5c7
generated: "2025-05-07T14:15:38.620189798-07:00"
